
Microsoft Visual Studio Solution File, Format Version 12.00
# Visual Studio Version 16
VisualStudioVersion = 16.0.28729.10
MinimumVisualStudioVersion = 10.0.40219.1
Project("{8BC9CEB8-8B4A-11D0-8D11-00A0C91BC942}") = "NULL Pointer Dereference", "NULL Pointer Dereference\NULL Pointer Dereference.vcxproj", "{BBD2F1E8-28B4-41BF-93F2-3591AEC1BB81}"
EndProject
Global
	GlobalSection(SolutionConfigurationPlatforms) = preSolution
		Debug|x64 = Debug|x64
		Debug|x86 = Debug|x86
		Release|x64 = Release|x64
		Release|x86 = Release|x86
	EndGlobalSection
	GlobalSection(ProjectConfigurationPlatforms) = postSolution
		{BBD2F1E8-28B4-41BF-93F2-3591AEC1BB81}.Debug|x64.ActiveCfg = Debug|x64
		{BBD2F1E8-28B4-41BF-93F2-3591AEC1BB81}.Debug|x64.Build.0 = Debug|x64
		{BBD2F1E8-28B4-41BF-93F2-3591AEC1BB81}.Debug|x86.ActiveCfg = Debug|Win32
		{BBD2F1E8-28B4-41BF-93F2-3591AEC1BB81}.Debug|x86.Build.0 = Debug|Win32
		{BBD2F1E8-28B4-41BF-93F2-3591AEC1BB81}.Release|x64.ActiveCfg = Release|x64
		{BBD2F1E8-28B4-41BF-93F2-3591AEC1BB81}.Release|x64.Build.0 = Release|x64
		{BBD2F1E8-28B4-41BF-93F2-3591AEC1BB81}.Release|x86.ActiveCfg = Release|Win32
		{BBD2F1E8-28B4-41BF-93F2-3591AEC1BB81}.Release|x86.Build.0 = Release|Win32
	EndGlobalSection
	GlobalSection(SolutionProperties) = preSolution
		HideSolutionNode = FALSE
	EndGlobalSection
	GlobalSection(ExtensibilityGlobals) = postSolution
		SolutionGuid = {5B2CD9F4-AC71-4A48-8B0F-0983A3AC7612}
	EndGlobalSection
EndGlobal
